{
  "name": "relock-npm-lock-v2-nQWRE5",
  "version": "1.27.1",
  "lockfileVersion": 2,
  "requires": true,
  "packages": {
    "": {
      "version": "1.27.1",
      "dependencies": {
        "properties-reader": "^2.3.0"
      }
    },
    "node_modules/mkdirp": {
      "version": "1.0.4",
      "resolved": "https://registry.npmjs.org/mkdirp/-/mkdirp-1.0.4.tgz",
      "integrity": "sha512-vVqVZQyf3WLx2Shd0qJ9xuvqgAyKPLAiqITEtqW0oIUjzo3PePDd6fW9iFz30ef7Ysp/oiWqbhszeGWW2T6Gzw==",
      "bin": {
        "mkdirp": "bin/cmd.js"
      },
      "engines": {
        "node": ">=10"
      }
    },
    "node_modules/properties-reader": {
      "version": "2.3.0",
      "resolved": "https://registry.npmjs.org/properties-reader/-/properties-reader-2.3.0.tgz",
      "integrity": "sha512-z597WicA7nDZxK12kZqHr2TcvwNU1GCfA5UwfDY/HDp3hXPoPlb5rlEx9bwGTiJnc0OqbBTkU975jDToth8Gxw==",
      "license": "MIT",
      "dependencies": {
        "mkdirp": "^1.0.4"
      },
      "engines": {
        "node": ">=14"
      },
      "funding": {
        "type": "github",
        "url": "https://github.com/steveukx/properties?sponsor=1"
      }
    }
  },
  "dependencies": {
    "mkdirp": {
      "version": "1.0.4",
      "resolved": "https://registry.npmjs.org/mkdirp/-/mkdirp-1.0.4.tgz",
      "integrity": "sha512-vVqVZQyf3WLx2Shd0qJ9xuvqgAyKPLAiqITEtqW0oIUjzo3PePDd6fW9iFz30ef7Ysp/oiWqbhszeGWW2T6Gzw=="
    },
    "properties-reader": {
      "version": "2.3.0",
      "resolved": "https://registry.npmjs.org/properties-reader/-/properties-reader-2.3.0.tgz",
      "integrity": "sha512-z597WicA7nDZxK12kZqHr2TcvwNU1GCfA5UwfDY/HDp3hXPoPlb5rlEx9bwGTiJnc0OqbBTkU975jDToth8Gxw==",
      "requires": {
        "mkdirp": "^1.0.4"
      }
    }
  }
}
